
Microsoft Visual Studio Solution File, Format Version 12.00
# Visual Studio Version 17
VisualStudioVersion = 17.13.35913.81 d17.13
MinimumVisualStudioVersion = 10.0.40219.1
Project("{FAE04EC0-301F-11D3-BF4B-00C04F79EFBC}") = "DoToo", "DoToo.csproj", "{EC2BED4A-2D83-43F0-925B-4038F8DED730}"
EndProject
Global
	GlobalSection(SolutionConfigurationPlatforms) = preSolution
		Debug|Any CPU = Debug|Any CPU
		Release|Any CPU = Release|Any CPU
	EndGlobalSection
	GlobalSection(ProjectConfigurationPlatforms) = postSolution
		{EC2BED4A-2D83-43F0-925B-4038F8DED730}.Debug|Any CPU.ActiveCfg = Debug|Any CPU
		{EC2BED4A-2D83-43F0-925B-4038F8DED730}.Debug|Any CPU.Build.0 = Debug|Any CPU
		{EC2BED4A-2D83-43F0-925B-4038F8DED730}.Release|Any CPU.ActiveCfg = Release|Any CPU
		{EC2BED4A-2D83-43F0-925B-4038F8DED730}.Release|Any CPU.Build.0 = Release|Any CPU
	EndGlobalSection
	GlobalSection(SolutionProperties) = preSolution
		HideSolutionNode = FALSE
	EndGlobalSection
	GlobalSection(ExtensibilityGlobals) = postSolution
		SolutionGuid = {DF27EBBC-4D1B-4A24-87D2-3412B5C6E250}
	EndGlobalSection
EndGlobal
